<?xml version="1.0" encoding="utf-8"?>
<Project ToolsVersion="4.0" xmlns="http://schemas.microsoft.com/developer/msbuild/2003">
  <ItemGroup>
    <Filter Include="Resource Files">
      <UniqueIdentifier>{67DA6AB6-F800-4c08-8B7A-83BB121AAD01}</UniqueIdentifier>
      <Extensions>rc;ico;cur;bmp;dlg;rc2;rct;bin;rgs;gif;jpg;jpeg;jpe;resx;tiff;tif;png;wav;mfcribbon-ms</Extensions>
    </Filter>
    <Filter Include="Local">
      <UniqueIdentifier>{68b8b506-92e3-463f-90c5-a98df41d296e}</UniqueIdentifier>
    </Filter>
    <Filter Include="Shared">
      <UniqueIdentifier>{e81f5db7-f62c-46cd-970f-d1b82c447f33}</UniqueIdentifier>
    </Filter>
    <Filter Include="Shared\Header">
      <UniqueIdentifier>{62ff11f4-0f49-4776-9235-4db9f8721d95}</UniqueIdentifier>
    </Filter>
    <Filter Include="Shared\Source">
      <UniqueIdentifier>{0df64c11-eea9-47b0-af24-07fabf9ec965}</UniqueIdentifier>
    </Filter>
    <Filter Include="Local\Header">
      <UniqueIdentifier>{93995380-89BD-4b04-88EB-625FBE52EBFB}</UniqueIdentifier>
      <Extensions>h;hh;hpp;hxx;hm;inl;inc;xsd</Extensions>
    </Filter>
    <Filter Include="Local\Source">
      <UniqueIdentifier>{4FC737F1-C7A5-4376-A066-2A32D752A2FF}</UniqueIdentifier>
      <Extensions>cpp;c;cc;cxx;def;odl;idl;hpj;bat;asm;asmx</Extensions>
    </Filter>
  </ItemGroup>
  <ItemGroup>
    <None Include="MasterController.ino" />
  </ItemGroup>
  <ItemGroup>
    <ClInclude Include="__vm\.MasterController.vsarduino.h">
      <Filter>Local\Header</Filter>
    </ClInclude>
    <ClInclude Include="..\Shared\System.h">
      <Filter>Shared\Header</Filter>
    </ClInclude>
    <ClInclude Include="..\Shared\CommClient.h">
      <Filter>Shared\Header</Filter>
    </ClInclude>
    <ClInclude Include="..\Shared\AltSoftSerial.h">
      <Filter>Shared\Header</Filter>
    </ClInclude>
    <ClInclude Include="Sensors.h">
      <Filter>Local\Header</Filter>
    </ClInclude>
  </ItemGroup>
  <ItemGroup>
    <ClCompile Include="Pins_Master.cpp">
      <Filter>Local\Source</Filter>
    </ClCompile>
    <ClCompile Include="..\Shared\System.cpp">
      <Filter>Shared\Source</Filter>
    </ClCompile>
    <ClCompile Include="..\Shared\CommClient.cpp">
      <Filter>Shared\Source</Filter>
    </ClCompile>
    <ClCompile Include="..\Shared\AltSoftSerial.cpp">
      <Filter>Shared\Source</Filter>
    </ClCompile>
    <ClCompile Include="Sensors.cpp">
      <Filter>Local\Source</Filter>
    </ClCompile>
  </ItemGroup>
</Project>